
Microsoft Visual Studio Solution File, Format Version 12.00
# Visual Studio 15
VisualStudioVersion = 15.0.26430.14
MinimumVisualStudioVersion = 10.0.40219.1
Project("{FAE04EC0-301F-11D3-BF4B-00C04F79EFBC}") = "CalculatorConsole", "CalculatorConsole\CalculatorConsole.csproj", "{076E0B61-B33A-4078-BF50-680D3BA4B7C6}"
EndProject
Project("{FAE04EC0-301F-11D3-BF4B-00C04F79EFBC}") = "CalculatorConsole.Tests", "CalculatorConsole.Tests\CalculatorConsole.Tests.csproj", "{66453740-BDA3-403B-AEE2-ADF9DB67148E}"
EndProject
Project("{2150E333-8FDC-42A3-9474-1A3956D46DE8}") = "SonarQube", "SonarQube", "{DC094897-0643-412C-937E-757E131B39D1}"
	ProjectSection(SolutionItems) = preProject
		SonarQube\CalculatorConsoleCSharp.ruleset = SonarQube\CalculatorConsoleCSharp.ruleset
		SonarQube\SolutionBinding.sqconfig = SonarQube\SolutionBinding.sqconfig
	EndProjectSection
EndProject
Project("{2150E333-8FDC-42A3-9474-1A3956D46DE8}") = "Solution Items", "Solution Items", "{E07D4A5F-4249-4A6B-BDD5-D92B10185354}"
	ProjectSection(SolutionItems) = preProject
		CalculatorConsole.testsettings = CalculatorConsole.testsettings
	EndProjectSection
EndProject
Global
	GlobalSection(SolutionConfigurationPlatforms) = preSolution
		Debug|Any CPU = Debug|Any CPU
		Debug|ARM = Debug|ARM
		Debug|x64 = Debug|x64
		Debug|x86 = Debug|x86
		Release|Any CPU = Release|Any CPU
		Release|ARM = Release|ARM
		Release|x64 = Release|x64
		Release|x86 = Release|x86
	EndGlobalSection
	GlobalSection(ProjectConfigurationPlatforms) = postSolution
		{076E0B61-B33A-4078-BF50-680D3BA4B7C6}.Debug|Any CPU.ActiveCfg = Debug|Any CPU
		{076E0B61-B33A-4078-BF50-680D3BA4B7C6}.Debug|Any CPU.Build.0 = Debug|Any CPU
		{076E0B61-B33A-4078-BF50-680D3BA4B7C6}.Debug|ARM.ActiveCfg = Debug|Any CPU
		{076E0B61-B33A-4078-BF50-680D3BA4B7C6}.Debug|ARM.Build.0 = Debug|Any CPU
		{076E0B61-B33A-4078-BF50-680D3BA4B7C6}.Debug|x64.ActiveCfg = Debug|Any CPU
		{076E0B61-B33A-4078-BF50-680D3BA4B7C6}.Debug|x64.Build.0 = Debug|Any CPU
		{076E0B61-B33A-4078-BF50-680D3BA4B7C6}.Debug|x86.ActiveCfg = Debug|Any CPU
		{076E0B61-B33A-4078-BF50-680D3BA4B7C6}.Debug|x86.Build.0 = Debug|Any CPU
		{076E0B61-B33A-4078-BF50-680D3BA4B7C6}.Release|Any CPU.ActiveCfg = Release|Any CPU
		{076E0B61-B33A-4078-BF50-680D3BA4B7C6}.Release|Any CPU.Build.0 = Release|Any CPU
		{076E0B61-B33A-4078-BF50-680D3BA4B7C6}.Release|ARM.ActiveCfg = Release|Any CPU
		{076E0B61-B33A-4078-BF50-680D3BA4B7C6}.Release|ARM.Build.0 = Release|Any CPU
		{076E0B61-B33A-4078-BF50-680D3BA4B7C6}.Release|x64.ActiveCfg = Release|Any CPU
		{076E0B61-B33A-4078-BF50-680D3BA4B7C6}.Release|x64.Build.0 = Release|Any CPU
		{076E0B61-B33A-4078-BF50-680D3BA4B7C6}.Release|x86.ActiveCfg = Release|Any CPU
		{076E0B61-B33A-4078-BF50-680D3BA4B7C6}.Release|x86.Build.0 = Release|Any CPU
		{66453740-BDA3-403B-AEE2-ADF9DB67148E}.Debug|Any CPU.ActiveCfg = Debug|Any CPU
		{66453740-BDA3-403B-AEE2-ADF9DB67148E}.Debug|Any CPU.Build.0 = Debug|Any CPU
		{66453740-BDA3-403B-AEE2-ADF9DB67148E}.Debug|ARM.ActiveCfg = Debug|Any CPU
		{66453740-BDA3-403B-AEE2-ADF9DB67148E}.Debug|ARM.Build.0 = Debug|Any CPU
		{66453740-BDA3-403B-AEE2-ADF9DB67148E}.Debug|x64.ActiveCfg = Debug|Any CPU
		{66453740-BDA3-403B-AEE2-ADF9DB67148E}.Debug|x64.Build.0 = Debug|Any CPU
		{66453740-BDA3-403B-AEE2-ADF9DB67148E}.Debug|x86.ActiveCfg = Debug|Any CPU
		{66453740-BDA3-403B-AEE2-ADF9DB67148E}.Debug|x86.Build.0 = Debug|Any CPU
		{66453740-BDA3-403B-AEE2-ADF9DB67148E}.Release|Any CPU.ActiveCfg = Release|Any CPU
		{66453740-BDA3-403B-AEE2-ADF9DB67148E}.Release|Any CPU.Build.0 = Release|Any CPU
		{66453740-BDA3-403B-AEE2-ADF9DB67148E}.Release|ARM.ActiveCfg = Release|Any CPU
		{66453740-BDA3-403B-AEE2-ADF9DB67148E}.Release|ARM.Build.0 = Release|Any CPU
		{66453740-BDA3-403B-AEE2-ADF9DB67148E}.Release|x64.ActiveCfg = Release|Any CPU
		{66453740-BDA3-403B-AEE2-ADF9DB67148E}.Release|x64.Build.0 = Release|Any CPU
		{66453740-BDA3-403B-AEE2-ADF9DB67148E}.Release|x86.ActiveCfg = Release|Any CPU
		{66453740-BDA3-403B-AEE2-ADF9DB67148E}.Release|x86.Build.0 = Release|Any CPU
	EndGlobalSection
	GlobalSection(SolutionProperties) = preSolution
		HideSolutionNode = FALSE
	EndGlobalSection
EndGlobal
