
Microsoft Visual Studio Solution File, Format Version 12.00
# Visual Studio 15
VisualStudioVersion = 15.0.26430.12
MinimumVisualStudioVersion = 10.0.40219.1
Project("{FAE04EC0-301F-11D3-BF4B-00C04F79EFBC}") = "PowerPointAddIn1", "PowerPointAddIn1.csproj", "{D4E61F6D-D06E-4C22-82F4-F68CD99493B7}"
EndProject
Global
	GlobalSection(SolutionConfigurationPlatforms) = preSolution
		Debug|Any CPU = Debug|Any CPU
		Release|Any CPU = Release|Any CPU
	EndGlobalSection
	GlobalSection(ProjectConfigurationPlatforms) = postSolution
		{D4E61F6D-D06E-4C22-82F4-F68CD99493B7}.Debug|Any CPU.ActiveCfg = Debug|Any CPU
		{D4E61F6D-D06E-4C22-82F4-F68CD99493B7}.Debug|Any CPU.Build.0 = Debug|Any CPU
		{D4E61F6D-D06E-4C22-82F4-F68CD99493B7}.Release|Any CPU.ActiveCfg = Release|Any CPU
		{D4E61F6D-D06E-4C22-82F4-F68CD99493B7}.Release|Any CPU.Build.0 = Release|Any CPU
	EndGlobalSection
	GlobalSection(SolutionProperties) = preSolution
		HideSolutionNode = FALSE
	EndGlobalSection
EndGlobal
