
Microsoft Visual Studio Solution File, Format Version 12.00
# Visual Studio Version 16
VisualStudioVersion = 16.0.28803.202
MinimumVisualStudioVersion = 10.0.40219.1
Project("{9A19103F-16F7-4668-BE54-9A1E7A4F7556}") = "MyBudget", "MyBudget\MyBudget.csproj", "{5017891A-95D2-48DC-848E-15AFD91A1E8D}"
EndProject
Project("{FAE04EC0-301F-11D3-BF4B-00C04F79EFBC}") = "MyBudget.Tests", "MyBudget.Tests\MyBudget.Tests.csproj", "{055F2504-2413-4A41-B92E-4BD4813B477F}"
EndProject
Global
	GlobalSection(SolutionConfigurationPlatforms) = preSolution
		Debug|Any CPU = Debug|Any CPU
		Release|Any CPU = Release|Any CPU
	EndGlobalSection
	GlobalSection(ProjectConfigurationPlatforms) = postSolution
		{5017891A-95D2-48DC-848E-15AFD91A1E8D}.Debug|Any CPU.ActiveCfg = Debug|Any CPU
		{5017891A-95D2-48DC-848E-15AFD91A1E8D}.Debug|Any CPU.Build.0 = Debug|Any CPU
		{5017891A-95D2-48DC-848E-15AFD91A1E8D}.Release|Any CPU.ActiveCfg = Release|Any CPU
		{5017891A-95D2-48DC-848E-15AFD91A1E8D}.Release|Any CPU.Build.0 = Release|Any CPU
		{055F2504-2413-4A41-B92E-4BD4813B477F}.Debug|Any CPU.ActiveCfg = Debug|Any CPU
		{055F2504-2413-4A41-B92E-4BD4813B477F}.Debug|Any CPU.Build.0 = Debug|Any CPU
		{055F2504-2413-4A41-B92E-4BD4813B477F}.Release|Any CPU.ActiveCfg = Release|Any CPU
		{055F2504-2413-4A41-B92E-4BD4813B477F}.Release|Any CPU.Build.0 = Release|Any CPU
	EndGlobalSection
	GlobalSection(SolutionProperties) = preSolution
		HideSolutionNode = FALSE
	EndGlobalSection
	GlobalSection(ExtensibilityGlobals) = postSolution
		SolutionGuid = {48E6CFF5-CA23-4E49-A54F-1E61D09DE467}
	EndGlobalSection
EndGlobal
