
Microsoft Visual Studio Solution File, Format Version 12.00
# Visual Studio 15
VisualStudioVersion = 15.0.26430.13
MinimumVisualStudioVersion = 10.0.40219.1
Project("{FAE04EC0-301F-11D3-BF4B-00C04F79EFBC}") = "PetClinicDemo", "Demo1\PetClinicDemo.csproj", "{7A6BE485-68C3-483E-83BB-1C4EE731E286}"
EndProject
Project("{FAE04EC0-301F-11D3-BF4B-00C04F79EFBC}") = "DnaGenerator", "DnaGenerator\DnaGenerator.csproj", "{C04438B5-9D90-4C67-92FB-53DFD00737BE}"
EndProject
Global
	GlobalSection(SolutionConfigurationPlatforms) = preSolution
		Debug|Any CPU = Debug|Any CPU
		Release|Any CPU = Release|Any CPU
	EndGlobalSection
	GlobalSection(ProjectConfigurationPlatforms) = postSolution
		{7A6BE485-68C3-483E-83BB-1C4EE731E286}.Debug|Any CPU.ActiveCfg = Debug|Any CPU
		{7A6BE485-68C3-483E-83BB-1C4EE731E286}.Debug|Any CPU.Build.0 = Debug|Any CPU
		{7A6BE485-68C3-483E-83BB-1C4EE731E286}.Release|Any CPU.ActiveCfg = Release|Any CPU
		{7A6BE485-68C3-483E-83BB-1C4EE731E286}.Release|Any CPU.Build.0 = Release|Any CPU
		{C04438B5-9D90-4C67-92FB-53DFD00737BE}.Debug|Any CPU.ActiveCfg = Debug|Any CPU
		{C04438B5-9D90-4C67-92FB-53DFD00737BE}.Debug|Any CPU.Build.0 = Debug|Any CPU
		{C04438B5-9D90-4C67-92FB-53DFD00737BE}.Release|Any CPU.ActiveCfg = Release|Any CPU
		{C04438B5-9D90-4C67-92FB-53DFD00737BE}.Release|Any CPU.Build.0 = Release|Any CPU
	EndGlobalSection
	GlobalSection(SolutionProperties) = preSolution
		HideSolutionNode = FALSE
	EndGlobalSection
EndGlobal
