
Microsoft Visual Studio Solution File, Format Version 12.00
# Visual Studio 14
VisualStudioVersion = 14.0.22310.1
MinimumVisualStudioVersion = 10.0.40219.1
Project("{FAE04EC0-301F-11D3-BF4B-00C04F79EFBC}") = "Project1", "Project1\Project1.csproj", "{AF8E9596-A392-4C3D-8ADF-5430454C40A7}"
EndProject
Project("{FAE04EC0-301F-11D3-BF4B-00C04F79EFBC}") = "Project2", "Project2\Project2.csproj", "{93515D27-83AE-41DF-9E28-8D5AEB77B457}"
EndProject
Project("{FAE04EC0-301F-11D3-BF4B-00C04F79EFBC}") = "Project3", "Project3\Project3.csproj", "{B59B9BF7-449C-49FB-B62A-3453209ACC4F}"
EndProject
Project("{FAE04EC0-301F-11D3-BF4B-00C04F79EFBC}") = "Project4", "Project4\Project4.csproj", "{E896055A-1A0C-47CD-B76E-9DB5DEF08349}"
EndProject
Project("{FAE04EC0-301F-11D3-BF4B-00C04F79EFBC}") = "project5", "project5\project5.csproj", "{059C5EC1-6AD6-4B39-B400-1238016ECFE0}"
EndProject
Project("{FAE04EC0-301F-11D3-BF4B-00C04F79EFBC}") = "project6", "project6\project6.csproj", "{F8A6AF26-E756-41B3-9D3F-08360746BD58}"
EndProject
Project("{FAE04EC0-301F-11D3-BF4B-00C04F79EFBC}") = "project7", "project7\project7.csproj", "{9ECA5733-A3AF-4773-8FF5-F2182597F114}"
EndProject
Project("{FAE04EC0-301F-11D3-BF4B-00C04F79EFBC}") = "Project8", "Project8\Project8.csproj", "{4A58ADA4-8B78-4FD9-95F6-CF59DA504D5A}"
EndProject
Project("{FAE04EC0-301F-11D3-BF4B-00C04F79EFBC}") = "Project9", "Project9\Project9.csproj", "{05609874-A63F-471F-8E66-82584DA2A2CF}"
EndProject
Global
	GlobalSection(SolutionConfigurationPlatforms) = preSolution
		Debug|Any CPU = Debug|Any CPU
		Release|Any CPU = Release|Any CPU
	EndGlobalSection
	GlobalSection(ProjectConfigurationPlatforms) = postSolution
		{AF8E9596-A392-4C3D-8ADF-5430454C40A7}.Debug|Any CPU.ActiveCfg = Debug|Any CPU
		{AF8E9596-A392-4C3D-8ADF-5430454C40A7}.Debug|Any CPU.Build.0 = Debug|Any CPU
		{AF8E9596-A392-4C3D-8ADF-5430454C40A7}.Release|Any CPU.ActiveCfg = Release|Any CPU
		{AF8E9596-A392-4C3D-8ADF-5430454C40A7}.Release|Any CPU.Build.0 = Release|Any CPU
		{93515D27-83AE-41DF-9E28-8D5AEB77B457}.Debug|Any CPU.ActiveCfg = Debug|Any CPU
		{93515D27-83AE-41DF-9E28-8D5AEB77B457}.Debug|Any CPU.Build.0 = Debug|Any CPU
		{93515D27-83AE-41DF-9E28-8D5AEB77B457}.Release|Any CPU.ActiveCfg = Release|Any CPU
		{93515D27-83AE-41DF-9E28-8D5AEB77B457}.Release|Any CPU.Build.0 = Release|Any CPU
		{B59B9BF7-449C-49FB-B62A-3453209ACC4F}.Debug|Any CPU.ActiveCfg = Debug|Any CPU
		{B59B9BF7-449C-49FB-B62A-3453209ACC4F}.Debug|Any CPU.Build.0 = Debug|Any CPU
		{B59B9BF7-449C-49FB-B62A-3453209ACC4F}.Release|Any CPU.ActiveCfg = Release|Any CPU
		{B59B9BF7-449C-49FB-B62A-3453209ACC4F}.Release|Any CPU.Build.0 = Release|Any CPU
		{E896055A-1A0C-47CD-B76E-9DB5DEF08349}.Debug|Any CPU.ActiveCfg = Debug|Any CPU
		{E896055A-1A0C-47CD-B76E-9DB5DEF08349}.Debug|Any CPU.Build.0 = Debug|Any CPU
		{E896055A-1A0C-47CD-B76E-9DB5DEF08349}.Release|Any CPU.ActiveCfg = Release|Any CPU
		{E896055A-1A0C-47CD-B76E-9DB5DEF08349}.Release|Any CPU.Build.0 = Release|Any CPU
		{059C5EC1-6AD6-4B39-B400-1238016ECFE0}.Debug|Any CPU.ActiveCfg = Debug|Any CPU
		{059C5EC1-6AD6-4B39-B400-1238016ECFE0}.Debug|Any CPU.Build.0 = Debug|Any CPU
		{059C5EC1-6AD6-4B39-B400-1238016ECFE0}.Release|Any CPU.ActiveCfg = Release|Any CPU
		{059C5EC1-6AD6-4B39-B400-1238016ECFE0}.Release|Any CPU.Build.0 = Release|Any CPU
		{F8A6AF26-E756-41B3-9D3F-08360746BD58}.Debug|Any CPU.ActiveCfg = Debug|Any CPU
		{F8A6AF26-E756-41B3-9D3F-08360746BD58}.Debug|Any CPU.Build.0 = Debug|Any CPU
		{F8A6AF26-E756-41B3-9D3F-08360746BD58}.Release|Any CPU.ActiveCfg = Release|Any CPU
		{F8A6AF26-E756-41B3-9D3F-08360746BD58}.Release|Any CPU.Build.0 = Release|Any CPU
		{9ECA5733-A3AF-4773-8FF5-F2182597F114}.Debug|Any CPU.ActiveCfg = Debug|Any CPU
		{9ECA5733-A3AF-4773-8FF5-F2182597F114}.Debug|Any CPU.Build.0 = Debug|Any CPU
		{9ECA5733-A3AF-4773-8FF5-F2182597F114}.Release|Any CPU.ActiveCfg = Release|Any CPU
		{9ECA5733-A3AF-4773-8FF5-F2182597F114}.Release|Any CPU.Build.0 = Release|Any CPU
		{4A58ADA4-8B78-4FD9-95F6-CF59DA504D5A}.Debug|Any CPU.ActiveCfg = Debug|Any CPU
		{4A58ADA4-8B78-4FD9-95F6-CF59DA504D5A}.Debug|Any CPU.Build.0 = Debug|Any CPU
		{4A58ADA4-8B78-4FD9-95F6-CF59DA504D5A}.Release|Any CPU.ActiveCfg = Release|Any CPU
		{4A58ADA4-8B78-4FD9-95F6-CF59DA504D5A}.Release|Any CPU.Build.0 = Release|Any CPU
		{05609874-A63F-471F-8E66-82584DA2A2CF}.Debug|Any CPU.ActiveCfg = Debug|Any CPU
		{05609874-A63F-471F-8E66-82584DA2A2CF}.Debug|Any CPU.Build.0 = Debug|Any CPU
		{05609874-A63F-471F-8E66-82584DA2A2CF}.Release|Any CPU.ActiveCfg = Release|Any CPU
		{05609874-A63F-471F-8E66-82584DA2A2CF}.Release|Any CPU.Build.0 = Release|Any CPU
	EndGlobalSection
	GlobalSection(SolutionProperties) = preSolution
		HideSolutionNode = FALSE
	EndGlobalSection
EndGlobal
