
Microsoft Visual Studio Solution File, Format Version 12.00
# Visual Studio 15
VisualStudioVersion = 15.0.28306.52
MinimumVisualStudioVersion = 10.0.40219.1
Project("{FAE04EC0-301F-11D3-BF4B-00C04F79EFBC}") = "Firework", "Firework\Firework.csproj", "{FAAC8FC3-0FEB-4E15-A34D-B92F658B16AD}"
EndProject
Project("{FAE04EC0-301F-11D3-BF4B-00C04F79EFBC}") = "FireworkNetCore", "FireworkNetCore\FireworkNetCore.csproj", "{CC7349BA-3864-45EE-BC94-B6763750B0E1}"
EndProject
Global
	GlobalSection(SolutionConfigurationPlatforms) = preSolution
		Debug|Any CPU = Debug|Any CPU
		Release|Any CPU = Release|Any CPU
	EndGlobalSection
	GlobalSection(ProjectConfigurationPlatforms) = postSolution
		{FAAC8FC3-0FEB-4E15-A34D-B92F658B16AD}.Debug|Any CPU.ActiveCfg = Debug|Any CPU
		{FAAC8FC3-0FEB-4E15-A34D-B92F658B16AD}.Debug|Any CPU.Build.0 = Debug|Any CPU
		{FAAC8FC3-0FEB-4E15-A34D-B92F658B16AD}.Release|Any CPU.ActiveCfg = Release|Any CPU
		{FAAC8FC3-0FEB-4E15-A34D-B92F658B16AD}.Release|Any CPU.Build.0 = Release|Any CPU
		{CC7349BA-3864-45EE-BC94-B6763750B0E1}.Debug|Any CPU.ActiveCfg = Debug|Any CPU
		{CC7349BA-3864-45EE-BC94-B6763750B0E1}.Debug|Any CPU.Build.0 = Debug|Any CPU
		{CC7349BA-3864-45EE-BC94-B6763750B0E1}.Release|Any CPU.ActiveCfg = Release|Any CPU
		{CC7349BA-3864-45EE-BC94-B6763750B0E1}.Release|Any CPU.Build.0 = Release|Any CPU
	EndGlobalSection
	GlobalSection(SolutionProperties) = preSolution
		HideSolutionNode = FALSE
	EndGlobalSection
	GlobalSection(ExtensibilityGlobals) = postSolution
		SolutionGuid = {C20F5F4B-1CA6-472B-A94A-B4A6ACCBD470}
	EndGlobalSection
EndGlobal
