
Microsoft Visual Studio Solution File, Format Version 12.00
# Visual Studio 15
VisualStudioVersion = 15.0.26430.13
MinimumVisualStudioVersion = 10.0.40219.1
Project("{FAE04EC0-301F-11D3-BF4B-00C04F79EFBC}") = "Reto1Win", "Reto1Win\Reto1Win.csproj", "{4A477B17-3592-47E0-98A0-23B35D10EAE9}"
EndProject
Project("{FAE04EC0-301F-11D3-BF4B-00C04F79EFBC}") = "Reto1Api", "Reto1Api\Reto1Api.csproj", "{5CF43E15-D2A4-4EA7-8617-DEB52DBD9A6A}"
EndProject
Project("{FAE04EC0-301F-11D3-BF4B-00C04F79EFBC}") = "Reto1Api.Tests", "Reto1Api.Tests\Reto1Api.Tests.csproj", "{BEB98E1C-21AA-4B94-9221-2C06B2D0B01E}"
EndProject
Project("{00D1A9C2-B5F0-4AF3-8072-F6C62B433612}") = "Reto1DB", "Reto1DB\Reto1DB.sqlproj", "{70015FE3-75A7-4CAD-AF38-DE026DBE3E4E}"
EndProject
Project("{00D1A9C2-B5F0-4AF3-8072-F6C62B433612}") = "Reto1AppDB", "Reto1AppDB\Reto1AppDB.sqlproj", "{AE77D950-0D05-4ED4-8843-EA35B89E7A69}"
EndProject
Global
	GlobalSection(SolutionConfigurationPlatforms) = preSolution
		Debug|Any CPU = Debug|Any CPU
		Release|Any CPU = Release|Any CPU
	EndGlobalSection
	GlobalSection(ProjectConfigurationPlatforms) = postSolution
		{4A477B17-3592-47E0-98A0-23B35D10EAE9}.Debug|Any CPU.ActiveCfg = Debug|Any CPU
		{4A477B17-3592-47E0-98A0-23B35D10EAE9}.Debug|Any CPU.Build.0 = Debug|Any CPU
		{4A477B17-3592-47E0-98A0-23B35D10EAE9}.Release|Any CPU.ActiveCfg = Release|Any CPU
		{4A477B17-3592-47E0-98A0-23B35D10EAE9}.Release|Any CPU.Build.0 = Release|Any CPU
		{5CF43E15-D2A4-4EA7-8617-DEB52DBD9A6A}.Debug|Any CPU.ActiveCfg = Debug|Any CPU
		{5CF43E15-D2A4-4EA7-8617-DEB52DBD9A6A}.Debug|Any CPU.Build.0 = Debug|Any CPU
		{5CF43E15-D2A4-4EA7-8617-DEB52DBD9A6A}.Release|Any CPU.ActiveCfg = Release|Any CPU
		{5CF43E15-D2A4-4EA7-8617-DEB52DBD9A6A}.Release|Any CPU.Build.0 = Release|Any CPU
		{BEB98E1C-21AA-4B94-9221-2C06B2D0B01E}.Debug|Any CPU.ActiveCfg = Debug|Any CPU
		{BEB98E1C-21AA-4B94-9221-2C06B2D0B01E}.Debug|Any CPU.Build.0 = Debug|Any CPU
		{BEB98E1C-21AA-4B94-9221-2C06B2D0B01E}.Release|Any CPU.ActiveCfg = Release|Any CPU
		{BEB98E1C-21AA-4B94-9221-2C06B2D0B01E}.Release|Any CPU.Build.0 = Release|Any CPU
		{70015FE3-75A7-4CAD-AF38-DE026DBE3E4E}.Debug|Any CPU.ActiveCfg = Debug|Any CPU
		{70015FE3-75A7-4CAD-AF38-DE026DBE3E4E}.Debug|Any CPU.Build.0 = Debug|Any CPU
		{70015FE3-75A7-4CAD-AF38-DE026DBE3E4E}.Debug|Any CPU.Deploy.0 = Debug|Any CPU
		{70015FE3-75A7-4CAD-AF38-DE026DBE3E4E}.Release|Any CPU.ActiveCfg = Release|Any CPU
		{70015FE3-75A7-4CAD-AF38-DE026DBE3E4E}.Release|Any CPU.Build.0 = Release|Any CPU
		{70015FE3-75A7-4CAD-AF38-DE026DBE3E4E}.Release|Any CPU.Deploy.0 = Release|Any CPU
		{AE77D950-0D05-4ED4-8843-EA35B89E7A69}.Debug|Any CPU.ActiveCfg = Debug|Any CPU
		{AE77D950-0D05-4ED4-8843-EA35B89E7A69}.Debug|Any CPU.Build.0 = Debug|Any CPU
		{AE77D950-0D05-4ED4-8843-EA35B89E7A69}.Debug|Any CPU.Deploy.0 = Debug|Any CPU
		{AE77D950-0D05-4ED4-8843-EA35B89E7A69}.Release|Any CPU.ActiveCfg = Release|Any CPU
		{AE77D950-0D05-4ED4-8843-EA35B89E7A69}.Release|Any CPU.Build.0 = Release|Any CPU
		{AE77D950-0D05-4ED4-8843-EA35B89E7A69}.Release|Any CPU.Deploy.0 = Release|Any CPU
	EndGlobalSection
	GlobalSection(SolutionProperties) = preSolution
		HideSolutionNode = FALSE
	EndGlobalSection
EndGlobal
